<?xml version="1.0" encoding="utf-8"?>
<Project ToolsVersion="4.0" xmlns="http://schemas.microsoft.com/developer/msbuild/2003">
  <ItemGroup>
    <Filter Include="소스 파일">
      <UniqueIdentifier>{4FC737F1-C7A5-4376-A066-2A32D752A2FF}</UniqueIdentifier>
      <Extensions>cpp;c;cc;cxx;def;odl;idl;hpj;bat;asm;asmx</Extensions>
    </Filter>
    <Filter Include="헤더 파일">
      <UniqueIdentifier>{93995380-89BD-4b04-88EB-625FBE52EBFB}</UniqueIdentifier>
      <Extensions>h;hpp;hxx;hm;inl;inc;xsd</Extensions>
    </Filter>
    <Filter Include="리소스 파일">
      <UniqueIdentifier>{67DA6AB6-F800-4c08-8B7A-83BB121AAD01}</UniqueIdentifier>
      <Extensions>rc;ico;cur;bmp;dlg;rc2;rct;bin;rgs;gif;jpg;jpeg;jpe;resx;tiff;tif;png;wav;mfcribbon-ms</Extensions>
    </Filter>
  </ItemGroup>
  <ItemGroup>
    <None Include="ReadMe.txt" />
    <None Include="NoteEditingTool.reg" />
    <None Include="res\NoteEditingTool.rc2">
      <Filter>리소스 파일</Filter>
    </None>
    <None Include="res\NoteEditingToolDoc.ico">
      <Filter>리소스 파일</Filter>
    </None>
    <None Include="res\NoteEditingTool.ico">
      <Filter>리소스 파일</Filter>
    </None>
    <None Include="res\Toolbar.bmp">
      <Filter>리소스 파일</Filter>
    </None>
    <None Include="res\Toolbar256.bmp">
      <Filter>리소스 파일</Filter>
    </None>
    <None Include="res\EditModeIcon.png">
      <Filter>리소스 파일</Filter>
    </None>
    <None Include="res\EditModeText.png">
      <Filter>리소스 파일</Filter>
    </None>
    <None Include="res\MenuBack00.png">
      <Filter>리소스 파일</Filter>
    </None>
    <None Include="res\MenuSelect.png">
      <Filter>리소스 파일</Filter>
    </None>
    <None Include="res\MenuSelect2.png">
      <Filter>리소스 파일</Filter>
    </None>
    <None Include="res\ModeSelect.png">
      <Filter>리소스 파일</Filter>
    </None>
    <None Include="res\ModeSelect2.png">
      <Filter>리소스 파일</Filter>
    </None>
    <None Include="NE_Icon_Big.ico">
      <Filter>리소스 파일</Filter>
    </None>
    <None Include="res\icon1.ico">
      <Filter>리소스 파일</Filter>
    </None>
    <None Include="NoteEditingTool.ico">
      <Filter>리소스 파일</Filter>
    </None>
  </ItemGroup>
  <ItemGroup>
    <ClInclude Include="NoteEditingTool.h">
      <Filter>헤더 파일</Filter>
    </ClInclude>
    <ClInclude Include="stdafx.h">
      <Filter>헤더 파일</Filter>
    </ClInclude>
    <ClInclude Include="targetver.h">
      <Filter>헤더 파일</Filter>
    </ClInclude>
    <ClInclude Include="MainFrm.h">
      <Filter>헤더 파일</Filter>
    </ClInclude>
    <ClInclude Include="NoteEditingToolDoc.h">
      <Filter>헤더 파일</Filter>
    </ClInclude>
    <ClInclude Include="NoteEditingToolView.h">
      <Filter>헤더 파일</Filter>
    </ClInclude>
    <ClInclude Include="Resource.h">
      <Filter>헤더 파일</Filter>
    </ClInclude>
    <ClInclude Include="NotePickingView.h">
      <Filter>헤더 파일</Filter>
    </ClInclude>
    <ClInclude Include="NoteFile.h">
      <Filter>헤더 파일</Filter>
    </ClInclude>
    <ClInclude Include="NoteData.h">
      <Filter>헤더 파일</Filter>
    </ClInclude>
    <ClInclude Include="DragNoteData.h">
      <Filter>헤더 파일</Filter>
    </ClInclude>
    <ClInclude Include="LongNoteData.h">
      <Filter>헤더 파일</Filter>
    </ClInclude>
    <ClInclude Include="EditModeSelectView.h">
      <Filter>헤더 파일</Filter>
    </ClInclude>
    <ClInclude Include="MnfSettingDlg.h">
      <Filter>헤더 파일</Filter>
    </ClInclude>
    <ClInclude Include="CharismaDlg.h">
      <Filter>헤더 파일</Filter>
    </ClInclude>
    <ClInclude Include="PatternChange.h">
      <Filter>헤더 파일</Filter>
    </ClInclude>
    <ClInclude Include="BPMChangeDlg.h">
      <Filter>헤더 파일</Filter>
    </ClInclude>
    <ClInclude Include="ImportPictureDlg.h">
      <Filter>헤더 파일</Filter>
    </ClInclude>
  </ItemGroup>
  <ItemGroup>
    <ClCompile Include="NoteEditingTool.cpp">
      <Filter>소스 파일</Filter>
    </ClCompile>
    <ClCompile Include="stdafx.cpp">
      <Filter>소스 파일</Filter>
    </ClCompile>
    <ClCompile Include="MainFrm.cpp">
      <Filter>소스 파일</Filter>
    </ClCompile>
    <ClCompile Include="NoteEditingToolDoc.cpp">
      <Filter>소스 파일</Filter>
    </ClCompile>
    <ClCompile Include="NoteEditingToolView.cpp">
      <Filter>소스 파일</Filter>
    </ClCompile>
    <ClCompile Include="NotePickingView.cpp">
      <Filter>소스 파일</Filter>
    </ClCompile>
    <ClCompile Include="NoteFile.cpp">
      <Filter>소스 파일</Filter>
    </ClCompile>
    <ClCompile Include="NoteData.cpp">
      <Filter>소스 파일</Filter>
    </ClCompile>
    <ClCompile Include="DragNoteData.cpp">
      <Filter>소스 파일</Filter>
    </ClCompile>
    <ClCompile Include="LongNoteData.cpp">
      <Filter>소스 파일</Filter>
    </ClCompile>
    <ClCompile Include="EditModeSelectView.cpp">
      <Filter>소스 파일</Filter>
    </ClCompile>
    <ClCompile Include="MnfSettingDlg.cpp">
      <Filter>소스 파일</Filter>
    </ClCompile>
    <ClCompile Include="CharismaDlg.cpp">
      <Filter>소스 파일</Filter>
    </ClCompile>
    <ClCompile Include="PatternChange.cpp">
      <Filter>소스 파일</Filter>
    </ClCompile>
    <ClCompile Include="BPMChangeDlg.cpp">
      <Filter>소스 파일</Filter>
    </ClCompile>
    <ClCompile Include="ImportPictureDlg.cpp">
      <Filter>소스 파일</Filter>
    </ClCompile>
  </ItemGroup>
  <ItemGroup>
    <ResourceCompile Include="NoteEditingTool.rc">
      <Filter>리소스 파일</Filter>
    </ResourceCompile>
  </ItemGroup>
</Project>